
Microsoft Visual Studio Solution File, Format Version 12.00
# Visual Studio Version 17
VisualStudioVersion = 17.5.002.0
MinimumVisualStudioVersion = 10.0.40219.1
Project("{9A19103F-16F7-4668-BE54-9A1E7A4F7556}") = "SoccerStatisticApp", "SoccerStatisticApp.csproj", "{42AAFBF4-7BD9-4171-B861-BEB8BD1E8ACD}"
EndProject
Global
	GlobalSection(SolutionConfigurationPlatforms) = preSolution
		Debug|Any CPU = Debug|Any CPU
		Release|Any CPU = Release|Any CPU
	EndGlobalSection
	GlobalSection(ProjectConfigurationPlatforms) = postSolution
		{42AAFBF4-7BD9-4171-B861-BEB8BD1E8ACD}.Debug|Any CPU.ActiveCfg = Debug|Any CPU
		{42AAFBF4-7BD9-4171-B861-BEB8BD1E8ACD}.Debug|Any CPU.Build.0 = Debug|Any CPU
		{42AAFBF4-7BD9-4171-B861-BEB8BD1E8ACD}.Release|Any CPU.ActiveCfg = Release|Any CPU
		{42AAFBF4-7BD9-4171-B861-BEB8BD1E8ACD}.Release|Any CPU.Build.0 = Release|Any CPU
	EndGlobalSection
	GlobalSection(SolutionProperties) = preSolution
		HideSolutionNode = FALSE
	EndGlobalSection
	GlobalSection(ExtensibilityGlobals) = postSolution
		SolutionGuid = {3CAAB08A-6165-46E5-847D-F738FB54BD50}
	EndGlobalSection
EndGlobal
